
Microsoft Visual Studio Solution File, Format Version 12.00
# Visual Studio Version 17
VisualStudioVersion = 17.4.33403.182
MinimumVisualStudioVersion = 10.0.40219.1
Project("{9A19103F-16F7-4668-BE54-9A1E7A4F7556}") = "Movie.Membership.Database", "Movie.Membership.Database\Movie.Membership.Database\Movie.Membership.Database.csproj", "{70AAD7D9-C225-4C26-B110-A9D6DF2C277D}"
EndProject
Project("{9A19103F-16F7-4668-BE54-9A1E7A4F7556}") = "Movie.Membership.API", "Movie.Membership.API\Movie.Membership.API.csproj", "{49B14B79-16F2-466E-9B98-575FBEB995E2}"
EndProject
Project("{9A19103F-16F7-4668-BE54-9A1E7A4F7556}") = "Movie.Common", "Movie.Common\Movie.Common.csproj", "{F2A207C6-E071-4285-8BEE-2CACD4F2A930}"
EndProject
Project("{9A19103F-16F7-4668-BE54-9A1E7A4F7556}") = "Movie.UI", "Movie.UI\Movie.UI.csproj", "{DC05F602-C327-46E5-A21A-C037EA8943A7}"
EndProject
Global
	GlobalSection(SolutionConfigurationPlatforms) = preSolution
		Debug|Any CPU = Debug|Any CPU
		Release|Any CPU = Release|Any CPU
	EndGlobalSection
	GlobalSection(ProjectConfigurationPlatforms) = postSolution
		{70AAD7D9-C225-4C26-B110-A9D6DF2C277D}.Debug|Any CPU.ActiveCfg = Debug|Any CPU
		{70AAD7D9-C225-4C26-B110-A9D6DF2C277D}.Debug|Any CPU.Build.0 = Debug|Any CPU
		{70AAD7D9-C225-4C26-B110-A9D6DF2C277D}.Release|Any CPU.ActiveCfg = Release|Any CPU
		{70AAD7D9-C225-4C26-B110-A9D6DF2C277D}.Release|Any CPU.Build.0 = Release|Any CPU
		{49B14B79-16F2-466E-9B98-575FBEB995E2}.Debug|Any CPU.ActiveCfg = Debug|Any CPU
		{49B14B79-16F2-466E-9B98-575FBEB995E2}.Debug|Any CPU.Build.0 = Debug|Any CPU
		{49B14B79-16F2-466E-9B98-575FBEB995E2}.Release|Any CPU.ActiveCfg = Release|Any CPU
		{49B14B79-16F2-466E-9B98-575FBEB995E2}.Release|Any CPU.Build.0 = Release|Any CPU
		{F2A207C6-E071-4285-8BEE-2CACD4F2A930}.Debug|Any CPU.ActiveCfg = Debug|Any CPU
		{F2A207C6-E071-4285-8BEE-2CACD4F2A930}.Debug|Any CPU.Build.0 = Debug|Any CPU
		{F2A207C6-E071-4285-8BEE-2CACD4F2A930}.Release|Any CPU.ActiveCfg = Release|Any CPU
		{F2A207C6-E071-4285-8BEE-2CACD4F2A930}.Release|Any CPU.Build.0 = Release|Any CPU
		{DC05F602-C327-46E5-A21A-C037EA8943A7}.Debug|Any CPU.ActiveCfg = Debug|Any CPU
		{DC05F602-C327-46E5-A21A-C037EA8943A7}.Debug|Any CPU.Build.0 = Debug|Any CPU
		{DC05F602-C327-46E5-A21A-C037EA8943A7}.Release|Any CPU.ActiveCfg = Release|Any CPU
		{DC05F602-C327-46E5-A21A-C037EA8943A7}.Release|Any CPU.Build.0 = Release|Any CPU
	EndGlobalSection
	GlobalSection(SolutionProperties) = preSolution
		HideSolutionNode = FALSE
	EndGlobalSection
	GlobalSection(ExtensibilityGlobals) = postSolution
		SolutionGuid = {A42C8A7F-60BD-478E-8C1A-9E13C168BFA5}
	EndGlobalSection
EndGlobal
